
Microsoft Visual Studio Solution File, Format Version 12.00
# Visual Studio Version 17
VisualStudioVersion = 17.8.34330.188
MinimumVisualStudioVersion = 10.0.40219.1
Project("{8BC9CEB8-8B4A-11D0-8D11-00A0C91BC942}") = "Pro functions", "Pro functions.vcxproj", "{4FFE273E-D8CD-466F-9BD9-8F93C92CE23A}"
EndProject
Global
	GlobalSection(SolutionConfigurationPlatforms) = preSolution
		Debug|x64 = Debug|x64
		Debug|x86 = Debug|x86
		Release|x64 = Release|x64
		Release|x86 = Release|x86
	EndGlobalSection
	GlobalSection(ProjectConfigurationPlatforms) = postSolution
		{4FFE273E-D8CD-466F-9BD9-8F93C92CE23A}.Debug|x64.ActiveCfg = Debug|x64
		{4FFE273E-D8CD-466F-9BD9-8F93C92CE23A}.Debug|x64.Build.0 = Debug|x64
		{4FFE273E-D8CD-466F-9BD9-8F93C92CE23A}.Debug|x86.ActiveCfg = Debug|Win32
		{4FFE273E-D8CD-466F-9BD9-8F93C92CE23A}.Debug|x86.Build.0 = Debug|Win32
		{4FFE273E-D8CD-466F-9BD9-8F93C92CE23A}.Release|x64.ActiveCfg = Release|x64
		{4FFE273E-D8CD-466F-9BD9-8F93C92CE23A}.Release|x64.Build.0 = Release|x64
		{4FFE273E-D8CD-466F-9BD9-8F93C92CE23A}.Release|x86.ActiveCfg = Release|Win32
		{4FFE273E-D8CD-466F-9BD9-8F93C92CE23A}.Release|x86.Build.0 = Release|Win32
	EndGlobalSection
	GlobalSection(SolutionProperties) = preSolution
		HideSolutionNode = FALSE
	EndGlobalSection
	GlobalSection(ExtensibilityGlobals) = postSolution
		SolutionGuid = {40E8C168-625F-4528-8402-DC20FC18D981}
	EndGlobalSection
EndGlobal
